PODS:
  - ZQFoundation (1.0.0)

DEPENDENCIES:
  - "ZQFoundation (from `git@github.com:MrZQxiao/ZQFoundation.git`, branch `develop`)"

EXTERNAL SOURCES:
  ZQFoundation:
    :branch: develop
    :git: "git@github.com:MrZQxiao/ZQFoundation.git"

CHECKOUT OPTIONS:
  ZQFoundation:
    :commit: 4c1aec1d3b195eff8dde771b78efeec58bd10286
    :git: "git@github.com:MrZQxiao/ZQFoundation.git"

SPEC CHECKSUMS:
  ZQFoundation: 3face09f8e9370df850ced5f70bd2bad5275687e

PODFILE CHECKSUM: 5e9233e4a8a4bd31ddf1359702b47b830a31b97d

COCOAPODS: 1.11.3
